
Microsoft Visual Studio Solution File, Format Version 12.00
# Visual Studio 15
VisualStudioVersion = 15.0.26730.3
MinimumVisualStudioVersion = 10.0.40219.1
Project("{9A19103F-16F7-4668-BE54-9A1E7A4F7556}") = "Tw.Bus.Web", "Tw.Bus.Web\Tw.Bus.Web.csproj", "{20604726-D862-4170-A7E7-8A690DABB201}"
EndProject
Project("{2150E333-8FDC-42A3-9474-1A3956D46DE8}") = "01.Client", "01.Client", "{8432587C-3C3D-4576-944C-836D0E0F8113}"
EndProject
Project("{2150E333-8FDC-42A3-9474-1A3956D46DE8}") = "04.Infrastructure", "04.Infrastructure", "{7F74C598-A38F-4B02-91C4-53889821AD1C}"
EndProject
Project("{2150E333-8FDC-42A3-9474-1A3956D46DE8}") = "03.Domain", "03.Domain", "{5503CCF6-619C-40DF-9A0C-26FB3A847BC2}"
EndProject
Project("{9A19103F-16F7-4668-BE54-9A1E7A4F7556}") = "Tw.Bus.Entity", "Tw.Bus.Entity\Tw.Bus.Entity.csproj", "{2BF2BC45-D0E6-4DEE-AC59-C815582DCD57}"
EndProject
Project("{9A19103F-16F7-4668-BE54-9A1E7A4F7556}") = "Tw.Bus.EntityFrameworkCore", "Tw.Bus.EntityFrameworkCore\Tw.Bus.EntityFrameworkCore.csproj", "{778ABF1D-6700-428A-9703-132E3CE9818D}"
EndProject
Project("{9A19103F-16F7-4668-BE54-9A1E7A4F7556}") = "Tw.Bus.IRepository", "Tw.Bus.IRepository\Tw.Bus.IRepository.csproj", "{80DFDB40-584B-4153-824A-672EAD2570CE}"
EndProject
Project("{9A19103F-16F7-4668-BE54-9A1E7A4F7556}") = "Tw.Bus.Common", "Tw.Bus.Common\Tw.Bus.Common.csproj", "{1C66D753-9617-4FC2-8CC2-EA0959E8EEDE}"
EndProject
Project("{2150E333-8FDC-42A3-9474-1A3956D46DE8}") = "02.Application", "02.Application", "{9B5F477E-9792-4916-AF84-EC3A41C7F471}"
EndProject
Project("{9A19103F-16F7-4668-BE54-9A1E7A4F7556}") = "Tw.Bus.WebApi", "Tw.Bus.WebApi\Tw.Bus.WebApi.csproj", "{05856EC0-F8BC-48D2-B8F3-BDDA1930BE80}"
EndProject
Project("{9A19103F-16F7-4668-BE54-9A1E7A4F7556}") = "Tw.Bus.EntityDTO", "Tw.Bus.EntityDTO\Tw.Bus.EntityDTO.csproj", "{A1F4E1C4-3DEB-4B61-A0D5-8E6663EB9AD6}"
EndProject
Project("{9A19103F-16F7-4668-BE54-9A1E7A4F7556}") = "Tw.Bus.Cache", "Tw.Bus.Cache\Tw.Bus.Cache.csproj", "{329E7F4F-6EC0-4A2B-9742-44C470023405}"
EndProject
Global
	GlobalSection(SolutionConfigurationPlatforms) = preSolution
		Debug|Any CPU = Debug|Any CPU
		Release|Any CPU = Release|Any CPU
	EndGlobalSection
	GlobalSection(ProjectConfigurationPlatforms) = postSolution
		{20604726-D862-4170-A7E7-8A690DABB201}.Debug|Any CPU.ActiveCfg = Debug|Any CPU
		{20604726-D862-4170-A7E7-8A690DABB201}.Debug|Any CPU.Build.0 = Debug|Any CPU
		{20604726-D862-4170-A7E7-8A690DABB201}.Release|Any CPU.ActiveCfg = Release|Any CPU
		{20604726-D862-4170-A7E7-8A690DABB201}.Release|Any CPU.Build.0 = Release|Any CPU
		{2BF2BC45-D0E6-4DEE-AC59-C815582DCD57}.Debug|Any CPU.ActiveCfg = Debug|Any CPU
		{2BF2BC45-D0E6-4DEE-AC59-C815582DCD57}.Debug|Any CPU.Build.0 = Debug|Any CPU
		{2BF2BC45-D0E6-4DEE-AC59-C815582DCD57}.Release|Any CPU.ActiveCfg = Release|Any CPU
		{2BF2BC45-D0E6-4DEE-AC59-C815582DCD57}.Release|Any CPU.Build.0 = Release|Any CPU
		{778ABF1D-6700-428A-9703-132E3CE9818D}.Debug|Any CPU.ActiveCfg = Debug|Any CPU
		{778ABF1D-6700-428A-9703-132E3CE9818D}.Debug|Any CPU.Build.0 = Debug|Any CPU
		{778ABF1D-6700-428A-9703-132E3CE9818D}.Release|Any CPU.ActiveCfg = Release|Any CPU
		{778ABF1D-6700-428A-9703-132E3CE9818D}.Release|Any CPU.Build.0 = Release|Any CPU
		{80DFDB40-584B-4153-824A-672EAD2570CE}.Debug|Any CPU.ActiveCfg = Debug|Any CPU
		{80DFDB40-584B-4153-824A-672EAD2570CE}.Debug|Any CPU.Build.0 = Debug|Any CPU
		{80DFDB40-584B-4153-824A-672EAD2570CE}.Release|Any CPU.ActiveCfg = Release|Any CPU
		{80DFDB40-584B-4153-824A-672EAD2570CE}.Release|Any CPU.Build.0 = Release|Any CPU
		{1C66D753-9617-4FC2-8CC2-EA0959E8EEDE}.Debug|Any CPU.ActiveCfg = Debug|Any CPU
		{1C66D753-9617-4FC2-8CC2-EA0959E8EEDE}.Debug|Any CPU.Build.0 = Debug|Any CPU
		{1C66D753-9617-4FC2-8CC2-EA0959E8EEDE}.Release|Any CPU.ActiveCfg = Release|Any CPU
		{1C66D753-9617-4FC2-8CC2-EA0959E8EEDE}.Release|Any CPU.Build.0 = Release|Any CPU
		{05856EC0-F8BC-48D2-B8F3-BDDA1930BE80}.Debug|Any CPU.ActiveCfg = Debug|Any CPU
		{05856EC0-F8BC-48D2-B8F3-BDDA1930BE80}.Debug|Any CPU.Build.0 = Debug|Any CPU
		{05856EC0-F8BC-48D2-B8F3-BDDA1930BE80}.Release|Any CPU.ActiveCfg = Release|Any CPU
		{05856EC0-F8BC-48D2-B8F3-BDDA1930BE80}.Release|Any CPU.Build.0 = Release|Any CPU
		{A1F4E1C4-3DEB-4B61-A0D5-8E6663EB9AD6}.Debug|Any CPU.ActiveCfg = Debug|Any CPU
		{A1F4E1C4-3DEB-4B61-A0D5-8E6663EB9AD6}.Debug|Any CPU.Build.0 = Debug|Any CPU
		{A1F4E1C4-3DEB-4B61-A0D5-8E6663EB9AD6}.Release|Any CPU.ActiveCfg = Release|Any CPU
		{A1F4E1C4-3DEB-4B61-A0D5-8E6663EB9AD6}.Release|Any CPU.Build.0 = Release|Any CPU
		{329E7F4F-6EC0-4A2B-9742-44C470023405}.Debug|Any CPU.ActiveCfg = Debug|Any CPU
		{329E7F4F-6EC0-4A2B-9742-44C470023405}.Debug|Any CPU.Build.0 = Debug|Any CPU
		{329E7F4F-6EC0-4A2B-9742-44C470023405}.Release|Any CPU.ActiveCfg = Release|Any CPU
		{329E7F4F-6EC0-4A2B-9742-44C470023405}.Release|Any CPU.Build.0 = Release|Any CPU
	EndGlobalSection
	GlobalSection(SolutionProperties) = preSolution
		HideSolutionNode = FALSE
	EndGlobalSection
	GlobalSection(NestedProjects) = preSolution
		{20604726-D862-4170-A7E7-8A690DABB201} = {8432587C-3C3D-4576-944C-836D0E0F8113}
		{2BF2BC45-D0E6-4DEE-AC59-C815582DCD57} = {5503CCF6-619C-40DF-9A0C-26FB3A847BC2}
		{778ABF1D-6700-428A-9703-132E3CE9818D} = {7F74C598-A38F-4B02-91C4-53889821AD1C}
		{80DFDB40-584B-4153-824A-672EAD2570CE} = {5503CCF6-619C-40DF-9A0C-26FB3A847BC2}
		{1C66D753-9617-4FC2-8CC2-EA0959E8EEDE} = {7F74C598-A38F-4B02-91C4-53889821AD1C}
		{05856EC0-F8BC-48D2-B8F3-BDDA1930BE80} = {9B5F477E-9792-4916-AF84-EC3A41C7F471}
		{A1F4E1C4-3DEB-4B61-A0D5-8E6663EB9AD6} = {9B5F477E-9792-4916-AF84-EC3A41C7F471}
		{329E7F4F-6EC0-4A2B-9742-44C470023405} = {7F74C598-A38F-4B02-91C4-53889821AD1C}
	EndGlobalSection
	GlobalSection(ExtensibilityGlobals) = postSolution
		SolutionGuid = {6F06E507-1620-44DC-A8E7-37078A2DC3E7}
	EndGlobalSection
EndGlobal
